// !$*UTF8*$!
{
	archiveVersion = 1;
	classes = {
	};
	objectVersion = 46;
	objects = {

/* Begin PBXBuildFile section */
		E19C10A1150D613800E5C535 /* UIKit.framework in Frameworks */ = {isa = PBXBuildFile; fileRef = E19C10A0150D613800E5C535 /* UIKit.framework */; };
		E19C10A3150D613800E5C535 /* Foundation.framework in Frameworks */ = {isa = PBXBuildFile; fileRef = E19C10A2150D613800E5C535 /* Foundation.framework */; };
		E19C10A5150D613800E5C535 /* CoreGraphics.framework in Frameworks */ = {isa = PBXBuildFile; fileRef = E19C10A4150D613800E5C535 /* CoreGraphics.framework */; };
		E19C10AB150D613800E5C535 /* InfoPlist.strings in Resources */ = {isa = PBXBuildFile; fileRef = E19C10A9150D613800E5C535 /* InfoPlist.strings */; };
		E19C10AD150D613800E5C535 /* main.m in Sources */ = {isa = PBXBuildFile; fileRef = E19C10AC150D613800E5C535 /* main.m */; };
		E19C10B1150D613800E5C535 /* AppDelegate.m in Sources */ = {isa = PBXBuildFile; fileRef = E19C10B0150D613800E5C535 /* AppDelegate.m */; };
		E19C10B4150D613800E5C535 /* MainStoryboard.storyboard in Resources */ = {isa = PBXBuildFile; fileRef = E19C10B2150D613800E5C535 /* MainStoryboard.storyboard */; };
		E19C10B7150D613800E5C535 /* ViewController.m in Sources */ = {isa = PBXBuildFile; fileRef = E19C10B6150D613800E5C535 /* ViewController.m */; };
/* End PBXBuildFile section */

/* Begin PBXFileReference section */
		E19C109C150D613800E5C535 /* Arduino1.app */ = {isa = PBXFileReference; explicitFileType = wrapper.application; includeInIndex = 0; path = Arduino1.app; sourceTree = BUILT_PRODUCTS_DIR; };
		E19C10A0150D613800E5C535 /* UIKit.framework */ = {isa = PBXFileReference; lastKnownFileType = wrapper.framework; name = UIKit.framework; path = System/Library/Frameworks/UIKit.framework; sourceTree = SDKROOT; };
		E19C10A2150D613800E5C535 /* Foundation.framework */ = {isa = PBXFileReference; lastKnownFileType = wrapper.framework; name = Foundation.framework; path = System/Library/Frameworks/Foundation.framework; sourceTree = SDKROOT; };
		E19C10A4150D613800E5C535 /* CoreGraphics.framework */ = {isa = PBXFileReference; lastKnownFileType = wrapper.framework; name = CoreGraphics.framework; path = System/Library/Frameworks/CoreGraphics.framework; sourceTree = SDKROOT; };
		E19C10A8150D613800E5C535 /* Arduino1-Info.plist */ = {isa = PBXFileReference; lastKnownFileType = text.plist.xml; path = "Arduino1-Info.plist"; sourceTree = "<group>"; };
		E19C10AA150D613800E5C535 /* en */ = {isa = PBXFileReference; lastKnownFileType = text.plist.strings; name = en; path = en.lproj/InfoPlist.strings; sourceTree = "<group>"; };
		E19C10AC150D613800E5C535 /* main.m */ = {isa = PBXFileReference; lastKnownFileType = sourcecode.c.objc; path = main.m; sourceTree = "<group>"; };
		E19C10AE150D613800E5C535 /* Arduino1-Prefix.pch */ = {isa = PBXFileReference; lastKnownFileType = sourcecode.c.h; path = "Arduino1-Prefix.pch"; sourceTree = "<group>"; };
		E19C10AF150D613800E5C535 /* AppDelegate.h */ = {isa = PBXFileReference; lastKnownFileType = sourcecode.c.h; path = AppDelegate.h; sourceTree = "<group>"; };
		E19C10B0150D613800E5C535 /* AppDelegate.m */ = {isa = PBXFileReference; lastKnownFileType = sourcecode.c.objc; path = AppDelegate.m; sourceTree = "<group>"; };
		E19C10B3150D613800E5C535 /* en */ = {isa = PBXFileReference; lastKnownFileType = file.storyboard; name = en; path = en.lproj/MainStoryboard.storyboard; sourceTree = "<group>"; };
		E19C10B5150D613800E5C535 /* ViewController.h */ = {isa = PBXFileReference; lastKnownFileType = sourcecode.c.h; path = ViewController.h; sourceTree = "<group>"; };
		E19C10B6150D613800E5C535 /* ViewController.m */ = {isa = PBXFileReference; lastKnownFileType = sourcecode.c.objc; path = ViewController.m; sourceTree = "<group>"; };
/* End PBXFileReference section */

/* Begin PBXFrameworksBuildPhase section */
		E19C1099150D613800E5C535 /* Frameworks */ = {
			isa = PBXFrameworksBuildPhase;
			buildActionMask = 2147483647;
			files = (
				E19C10A1150D613800E5C535 /* UIKit.framework in Frameworks */,
				E19C10A3150D613800E5C535 /* Foundation.framework in Frameworks */,
				E19C10A5150D613800E5C535 /* CoreGraphics.framework in Frameworks */,
			);
			runOnlyForDeploymentPostprocessing = 0;
		};
/* End PBXFrameworksBuildPhase section */

/* Begin PBXGroup section */
		E19C1091150D613800E5C535 = {
			isa = PBXGroup;
			children = (
				E19C10A6150D613800E5C535 /* Arduino1 */,
				E19C109F150D613800E5C535 /* Frameworks */,
				E19C109D150D613800E5C535 /* Products */,
			);
			sourceTree = "<group>";
		};
		E19C109D150D613800E5C535 /* Products */ = {
			isa = PBXGroup;
			children = (
				E19C109C150D613800E5C535 /* Arduino1.app */,
			);
			name = Products;
			sourceTree = "<group>";
		};
		E19C109F150D613800E5C535 /* Frameworks */ = {
			isa = PBXGroup;
			children = (
				E19C10A0150D613800E5C535 /* UIKit.framework */,
				E19C10A2150D613800E5C535 /* Foundation.framework */,
				E19C10A4150D613800E5C535 /* CoreGraphics.framework */,
			);
			name = Frameworks;
			sourceTree = "<group>";
		};
		E19C10A6150D613800E5C535 /* Arduino1 */ = {
			isa = PBXGroup;
			children = (
				E19C10AF150D613800E5C535 /* AppDelegate.h */,
				E19C10B0150D613800E5C535 /* AppDelegate.m */,
				E19C10B2150D613800E5C535 /* MainStoryboard.storyboard */,
				E19C10B5150D613800E5C535 /* ViewController.h */,
				E19C10B6150D613800E5C535 /* ViewController.m */,
				E19C10A7150D613800E5C535 /* Supporting Files */,
			);
			path = Arduino1;
			sourceTree = "<group>";
		};
		E19C10A7150D613800E5C535 /* Supporting Files */ = {
			isa = PBXGroup;
			children = (
				E19C10A8150D613800E5C535 /* Arduino1-Info.plist */,
				E19C10A9150D613800E5C535 /* InfoPlist.strings */,
				E19C10AC150D613800E5C535 /* main.m */,
				E19C10AE150D613800E5C535 /* Arduino1-Prefix.pch */,
			);
			name = "Supporting Files";
			sourceTree = "<group>";
		};
/* End PBXGroup section */

/* Begin PBXNativeTarget section */
		E19C109B150D613800E5C535 /* Arduino1 */ = {
			isa = PBXNativeTarget;
			buildConfigurationList = E19C10BA150D613800E5C535 /* Build configuration list for PBXNativeTarget "Arduino1" */;
			buildPhases = (
				E19C1098150D613800E5C535 /* Sources */,
				E19C1099150D613800E5C535 /* Frameworks */,
				E19C109A150D613800E5C535 /* Resources */,
			);
			buildRules = (
			);
			dependencies = (
			);
			name = Arduino1;
			productName = Arduino1;
			productReference = E19C109C150D613800E5C535 /* Arduino1.app */;
			productType = "com.apple.product-type.application";
		};
/* End PBXNativeTarget section */

/* Begin PBXProject section */
		E19C1093150D613800E5C535 /* Project object */ = {
			isa = PBXProject;
			attributes = {
				LastUpgradeCheck = 0440;
				ORGANIZATIONNAME = JIzqApps;
			};
			buildConfigurationList = E19C1096150D613800E5C535 /* Build configuration list for PBXProject "Arduino1" */;
			compatibilityVersion = "Xcode 3.2";
			developmentRegion = English;
			hasScannedForEncodings = 0;
			knownRegions = (
				en,
			);
			mainGroup = E19C1091150D613800E5C535;
			productRefGroup = E19C109D150D613800E5C535 /* Products */;
			projectDirPath = "";
			projectRoot = "";
			targets = (
				E19C109B150D613800E5C535 /* Arduino1 */,
			);
		};
/* End PBXProject section */

/* Begin PBXResourcesBuildPhase section */
		E19C109A150D613800E5C535 /* Resources */ = {
			isa = PBXResourcesBuildPhase;
			buildActionMask = 2147483647;
			files = (
				E19C10AB150D613800E5C535 /* InfoPlist.strings in Resources */,
				E19C10B4150D613800E5C535 /* MainStoryboard.storyboard in Resources */,
			);
			runOnlyForDeploymentPostprocessing = 0;
		};
/* End PBXResourcesBuildPhase section */

/* Begin PBXSourcesBuildPhase section */
		E19C1098150D613800E5C535 /* Sources */ = {
			isa = PBXSourcesBuildPhase;
			buildActionMask = 2147483647;
			files = (
				E19C10AD150D613800E5C535 /* main.m in Sources */,
				E19C10B1150D613800E5C535 /* AppDelegate.m in Sources */,
				E19C10B7150D613800E5C535 /* ViewController.m in Sources */,
			);
			runOnlyForDeploymentPostprocessing = 0;
		};
/* End PBXSourcesBuildPhase section */

/* Begin PBXVariantGroup section */
		E19C10A9150D613800E5C535 /* InfoPlist.strings */ = {
			isa = PBXVariantGroup;
			children = (
				E19C10AA150D613800E5C535 /* en */,
			);
			name = InfoPlist.strings;
			sourceTree = "<group>";
		};
		E19C10B2150D613800E5C535 /* MainStoryboard.storyboard */ = {
			isa = PBXVariantGroup;
			children = (
				E19C10B3150D613800E5C535 /* en */,
			);
			name = MainStoryboard.storyboard;
			sourceTree = "<group>";
		};
/* End PBXVariantGroup section */

/* Begin XCBuildConfiguration section */
		E19C10B8150D613800E5C535 /* Debug */ = {
			isa = XCBuildConfiguration;
			buildSettings = {
				ALWAYS_SEARCH_USER_PATHS = NO;
				ARCHS = "$(ARCHS_STANDARD_32_BIT)";
				CLANG_ENABLE_OBJC_ARC = YES;
				"CODE_SIGN_IDENTITY[sdk=iphoneos*]" = "iPhone Developer";
				COPY_PHASE_STRIP = NO;
				GCC_C_LANGUAGE_STANDARD = gnu99;
				GCC_DYNAMIC_NO_PIC = NO;
				GCC_OPTIMIZATION_LEVEL = 0;
				GCC_PREPROCESSOR_DEFINITIONS = (
					"DEBUG=1",
					"$(inherited)",
				);
				GCC_SYMBOLS_PRIVATE_EXTERN = NO;
				GCC_VERSION = com.apple.compilers.llvm.clang.1_0;
				GCC_WARN_ABOUT_RETURN_TYPE = YES;
				GCC_WARN_UNINITIALIZED_AUTOS = YES;
				GCC_WARN_UNUSED_VARIABLE = YES;
				IPHONEOS_DEPLOYMENT_TARGET = 5.0;
				SDKROOT = iphoneos;
			};
			name = Debug;
		};
		E19C10B9150D613800E5C535 /* Release */ = {
			isa = XCBuildConfiguration;
			buildSettings = {
				ALWAYS_SEARCH_USER_PATHS = NO;
				ARCHS = "$(ARCHS_STANDARD_32_BIT)";
				CLANG_ENABLE_OBJC_ARC = YES;
				"CODE_SIGN_IDENTITY[sdk=iphoneos*]" = "iPhone Developer";
				COPY_PHASE_STRIP = YES;
				GCC_C_LANGUAGE_STANDARD = gnu99;
				GCC_VERSION = com.apple.compilers.llvm.clang.1_0;
				GCC_WARN_ABOUT_RETURN_TYPE = YES;
				GCC_WARN_UNINITIALIZED_AUTOS = YES;
				GCC_WARN_UNUSED_VARIABLE = YES;
				IPHONEOS_DEPLOYMENT_TARGET = 5.0;
				OTHER_CFLAGS = "-DNS_BLOCK_ASSERTIONS=1";
				SDKROOT = iphoneos;
				VALIDATE_PRODUCT = YES;
			};
			name = Release;
		};
		E19C10BB150D613800E5C535 /* Debug */ = {
			isa = XCBuildConfiguration;
			buildSettings = {
				CODE_SIGN_IDENTITY = "iPhone Developer: Jorge Izquierdo Ayuso (8R26E5H6ML)";
				GCC_PRECOMPILE_PREFIX_HEADER = YES;
				GCC_PREFIX_HEADER = "Arduino1/Arduino1-Prefix.pch";
				INFOPLIST_FILE = "Arduino1/Arduino1-Info.plist";
				PRODUCT_NAME = "$(TARGET_NAME)";
				PROVISIONING_PROFILE = "20ADA51C-645A-4B7F-8B2F-803ECA6CE92C";
				WRAPPER_EXTENSION = app;
			};
			name = Debug;
		};
		E19C10BC150D613800E5C535 /* Release */ = {
			isa = XCBuildConfiguration;
			buildSettings = {
				GCC_PRECOMPILE_PREFIX_HEADER = YES;
				GCC_PREFIX_HEADER = "Arduino1/Arduino1-Prefix.pch";
				INFOPLIST_FILE = "Arduino1/Arduino1-Info.plist";
				PRODUCT_NAME = "$(TARGET_NAME)";
				WRAPPER_EXTENSION = app;
			};
			name = Release;
		};
/* End XCBuildConfiguration section */

/* Begin XCConfigurationList section */
		E19C1096150D613800E5C535 /* Build configuration list for PBXProject "Arduino1" */ = {
			isa = XCConfigurationList;
			buildConfigurations = (
				E19C10B8150D613800E5C535 /* Debug */,
				E19C10B9150D613800E5C535 /* Release */,
			);
			defaultConfigurationIsVisible = 0;
			defaultConfigurationName = Release;
		};
		E19C10BA150D613800E5C535 /* Build configuration list for PBXNativeTarget "Arduino1" */ = {
			isa = XCConfigurationList;
			buildConfigurations = (
				E19C10BB150D613800E5C535 /* Debug */,
				E19C10BC150D613800E5C535 /* Release */,
			);
			defaultConfigurationIsVisible = 0;
		};
/* End XCConfigurationList section */
	};
	rootObject = E19C1093150D613800E5C535 /* Project object */;
}
